
Microsoft Visual Studio Solution File, Format Version 12.00
# Visual Studio 15
VisualStudioVersion = 15.0.28307.1321
MinimumVisualStudioVersion = 10.0.40219.1
Project("{9A19103F-16F7-4668-BE54-9A1E7A4F7556}") = "Generics", "Generics.csproj", "{E7EDCDBE-7A9D-417B-88A2-4CC958B41E3E}"
EndProject
Global
	GlobalSection(SolutionConfigurationPlatforms) = preSolution
		Debug|Any CPU = Debug|Any CPU
		Release|Any CPU = Release|Any CPU
	EndGlobalSection
	GlobalSection(ProjectConfigurationPlatforms) = postSolution
		{E7EDCDBE-7A9D-417B-88A2-4CC958B41E3E}.Debug|Any CPU.ActiveCfg = Debug|Any CPU
		{E7EDCDBE-7A9D-417B-88A2-4CC958B41E3E}.Debug|Any CPU.Build.0 = Debug|Any CPU
		{E7EDCDBE-7A9D-417B-88A2-4CC958B41E3E}.Release|Any CPU.ActiveCfg = Release|Any CPU
		{E7EDCDBE-7A9D-417B-88A2-4CC958B41E3E}.Release|Any CPU.Build.0 = Release|Any CPU
	EndGlobalSection
	GlobalSection(SolutionProperties) = preSolution
		HideSolutionNode = FALSE
	EndGlobalSection
	GlobalSection(ExtensibilityGlobals) = postSolution
		SolutionGuid = {46A78876-7DAF-4997-897C-9463B0EA74E1}
	EndGlobalSection
EndGlobal
